
Microsoft Visual Studio Solution File, Format Version 12.00
# Visual Studio Version 17
VisualStudioVersion = 17.12.35506.116 d17.12
MinimumVisualStudioVersion = 10.0.40219.1
Project("{FAE04EC0-301F-11D3-BF4B-00C04F79EFBC}") = "CQRS_Example.Common", "CQRS_Example.Common\CQRS_Example.Common.csproj", "{42975C55-0612-421D-8A28-1F3A3CA3E4C7}"
EndProject
Project("{FAE04EC0-301F-11D3-BF4B-00C04F79EFBC}") = "CQRS_Example.Domain", "CQRS_Example.Domain\CQRS_Example.Domain.csproj", "{46CD4BAC-0BA9-4247-A5BB-AEF49862ED0A}"
EndProject
Project("{FAE04EC0-301F-11D3-BF4B-00C04F79EFBC}") = "CQRS_Example.Database", "CQRS_Example.Database\CQRS_Example.Database.csproj", "{0D3CAC6A-91F7-4359-A449-DAB5C619B804}"
EndProject
Project("{FAE04EC0-301F-11D3-BF4B-00C04F79EFBC}") = "CQRS_Example.Readstore.Service", "CQRS_Example.Readstore.Service\CQRS_Example.Readstore.Service.csproj", "{279BB8A2-0929-4D2B-9094-6996124CDFF4}"
EndProject
Project("{2150E333-8FDC-42A3-9474-1A3956D46DE8}") = "1. Application", "1. Application", "{7F911101-4B2A-487D-9F8D-2E120B6F51E2}"
EndProject
Project("{2150E333-8FDC-42A3-9474-1A3956D46DE8}") = "2. Domain", "2. Domain", "{3FD3AC59-E6F4-4779-A6A7-0EE774DA1DED}"
EndProject
Project("{2150E333-8FDC-42A3-9474-1A3956D46DE8}") = "9. Common", "9. Common", "{D433B807-0B1A-4A51-A8E4-6ED92D62EDB9}"
EndProject
Project("{FAE04EC0-301F-11D3-BF4B-00C04F79EFBC}") = "CQRS_Example.API", "CQRS_Example.API\CQRS_Example.API.csproj", "{3E893A2A-96CD-4868-B43B-E445BAF7368F}"
EndProject
Global
	GlobalSection(SolutionConfigurationPlatforms) = preSolution
		Debug|Any CPU = Debug|Any CPU
		Release|Any CPU = Release|Any CPU
	EndGlobalSection
	GlobalSection(ProjectConfigurationPlatforms) = postSolution
		{42975C55-0612-421D-8A28-1F3A3CA3E4C7}.Debug|Any CPU.ActiveCfg = Debug|Any CPU
		{42975C55-0612-421D-8A28-1F3A3CA3E4C7}.Debug|Any CPU.Build.0 = Debug|Any CPU
		{42975C55-0612-421D-8A28-1F3A3CA3E4C7}.Release|Any CPU.ActiveCfg = Release|Any CPU
		{42975C55-0612-421D-8A28-1F3A3CA3E4C7}.Release|Any CPU.Build.0 = Release|Any CPU
		{46CD4BAC-0BA9-4247-A5BB-AEF49862ED0A}.Debug|Any CPU.ActiveCfg = Debug|Any CPU
		{46CD4BAC-0BA9-4247-A5BB-AEF49862ED0A}.Debug|Any CPU.Build.0 = Debug|Any CPU
		{46CD4BAC-0BA9-4247-A5BB-AEF49862ED0A}.Release|Any CPU.ActiveCfg = Release|Any CPU
		{46CD4BAC-0BA9-4247-A5BB-AEF49862ED0A}.Release|Any CPU.Build.0 = Release|Any CPU
		{0D3CAC6A-91F7-4359-A449-DAB5C619B804}.Debug|Any CPU.ActiveCfg = Debug|Any CPU
		{0D3CAC6A-91F7-4359-A449-DAB5C619B804}.Debug|Any CPU.Build.0 = Debug|Any CPU
		{0D3CAC6A-91F7-4359-A449-DAB5C619B804}.Release|Any CPU.ActiveCfg = Release|Any CPU
		{0D3CAC6A-91F7-4359-A449-DAB5C619B804}.Release|Any CPU.Build.0 = Release|Any CPU
		{279BB8A2-0929-4D2B-9094-6996124CDFF4}.Debug|Any CPU.ActiveCfg = Debug|Any CPU
		{279BB8A2-0929-4D2B-9094-6996124CDFF4}.Debug|Any CPU.Build.0 = Debug|Any CPU
		{279BB8A2-0929-4D2B-9094-6996124CDFF4}.Release|Any CPU.ActiveCfg = Release|Any CPU
		{279BB8A2-0929-4D2B-9094-6996124CDFF4}.Release|Any CPU.Build.0 = Release|Any CPU
		{3E893A2A-96CD-4868-B43B-E445BAF7368F}.Debug|Any CPU.ActiveCfg = Debug|Any CPU
		{3E893A2A-96CD-4868-B43B-E445BAF7368F}.Debug|Any CPU.Build.0 = Debug|Any CPU
		{3E893A2A-96CD-4868-B43B-E445BAF7368F}.Release|Any CPU.ActiveCfg = Release|Any CPU
		{3E893A2A-96CD-4868-B43B-E445BAF7368F}.Release|Any CPU.Build.0 = Release|Any CPU
	EndGlobalSection
	GlobalSection(SolutionProperties) = preSolution
		HideSolutionNode = FALSE
	EndGlobalSection
	GlobalSection(NestedProjects) = preSolution
		{42975C55-0612-421D-8A28-1F3A3CA3E4C7} = {D433B807-0B1A-4A51-A8E4-6ED92D62EDB9}
		{46CD4BAC-0BA9-4247-A5BB-AEF49862ED0A} = {3FD3AC59-E6F4-4779-A6A7-0EE774DA1DED}
		{0D3CAC6A-91F7-4359-A449-DAB5C619B804} = {D433B807-0B1A-4A51-A8E4-6ED92D62EDB9}
		{279BB8A2-0929-4D2B-9094-6996124CDFF4} = {7F911101-4B2A-487D-9F8D-2E120B6F51E2}
		{3E893A2A-96CD-4868-B43B-E445BAF7368F} = {7F911101-4B2A-487D-9F8D-2E120B6F51E2}
	EndGlobalSection
EndGlobal
